
Microsoft Visual Studio Solution File, Format Version 12.00
# Visual Studio Version 16
VisualStudioVersion = 16.0.31005.135
MinimumVisualStudioVersion = 10.0.40219.1
Project("{FAE04EC0-301F-11D3-BF4B-00C04F79EFBC}") = "COM.Test.SaurabhGarg", "COM.Test.SaurabhGarg.csproj", "{F2FFBF2A-1E45-446D-9562-0EFAE6D659FC}"
EndProject
Global
	GlobalSection(SolutionConfigurationPlatforms) = preSolution
		Debug|Any CPU = Debug|Any CPU
		Release|Any CPU = Release|Any CPU
	EndGlobalSection
	GlobalSection(ProjectConfigurationPlatforms) = postSolution
		{F2FFBF2A-1E45-446D-9562-0EFAE6D659FC}.Debug|Any CPU.ActiveCfg = Debug|Any CPU
		{F2FFBF2A-1E45-446D-9562-0EFAE6D659FC}.Debug|Any CPU.Build.0 = Debug|Any CPU
		{F2FFBF2A-1E45-446D-9562-0EFAE6D659FC}.Release|Any CPU.ActiveCfg = Release|Any CPU
		{F2FFBF2A-1E45-446D-9562-0EFAE6D659FC}.Release|Any CPU.Build.0 = Release|Any CPU
	EndGlobalSection
	GlobalSection(SolutionProperties) = preSolution
		HideSolutionNode = FALSE
	EndGlobalSection
	GlobalSection(ExtensibilityGlobals) = postSolution
		SolutionGuid = {0676A3A5-D0FB-4B56-BAB5-06D15BE5B837}
	EndGlobalSection
EndGlobal
